# THIS IS AN AUTOGENERATED FILE. DO NOT EDIT THIS FILE DIRECTLY.
# yarn lockfile v1


classnames@^2.2.5:
  version "2.2.5"
  resolved "https://registry.yarnpkg.com/classnames/-/classnames-2.2.5.tgz#fb3801d453467649ef3603c7d61a02bd129bde6d"

mdast-comment-marker@^1.0.2:
  version "1.0.2"
  resolved "https://registry.yarnpkg.com/mdast-comment-marker/-/mdast-comment-marker-1.0.2.tgz#1ddf0ef811fb52439017c8d2c0b922035f2ba74a"

mdast-directive-comment@^0.1.1:
  version "0.1.1"
  resolved "https://registry.yarnpkg.com/mdast-directive-comment/-/mdast-directive-comment-0.1.1.tgz#4ded23491112f2284065c35dbfc8c7291e2ba9e4"
  dependencies:
    mdast-comment-marker "^1.0.2"
    unist-util-visit "^1.1.1"

unist-util-visit@^1.1.1:
  version "1.1.1"
  resolved "https://registry.yarnpkg.com/unist-util-visit/-/unist-util-visit-1.1.1.tgz#e917a3b137658b335cb4420c7da2e74d928e4e94"
