# THIS IS AN AUTOGENERATED FILE. DO NOT EDIT THIS FILE DIRECTLY.
# yarn lockfile v1


"emoji-regex@>=6.0.0 <=6.1.1":
  version "6.1.1"
  resolved "https://registry.yarnpkg.com/emoji-regex/-/emoji-regex-6.1.1.tgz#c6cd0ec1b0642e2a3c67a1137efc5e796da4f88e"

github-slugger@^1.1.1:
  version "1.1.3"
  resolved "https://registry.yarnpkg.com/github-slugger/-/github-slugger-1.1.3.tgz#314a6e759a18c2b0cc5760d512ccbab549c549a7"
  dependencies:
    emoji-regex ">=6.0.0 <=6.1.1"

mdast-util-to-string@^1.0.2:
  version "1.0.4"
  resolved "https://registry.yarnpkg.com/mdast-util-to-string/-/mdast-util-to-string-1.0.4.tgz#5c455c878c9355f0c1e7f3e8b719cf583691acfb"

mdast-util-toc@^2.0.1:
  version "2.0.1"
  resolved "https://registry.yarnpkg.com/mdast-util-toc/-/mdast-util-toc-2.0.1.tgz#b1d2cb23bfb01f812fa7b55bffe8b0a8bedf6f21"
  dependencies:
    github-slugger "^1.1.1"
    mdast-util-to-string "^1.0.2"
    unist-util-visit "^1.1.0"

unist-util-visit@^1.1.0:
  version "1.1.3"
  resolved "https://registry.yarnpkg.com/unist-util-visit/-/unist-util-visit-1.1.3.tgz#ec268e731b9d277a79a5b5aa0643990e405d600b"
