# THIS IS AN AUTOGENERATED FILE. DO NOT EDIT THIS FILE DIRECTLY.
# yarn lockfile v1


ccount@^1.0.0:
  version "1.0.1"
  resolved "https://registry.yarnpkg.com/ccount/-/ccount-1.0.1.tgz#665687945168c218ec77ff61a4155ae00227a96c"

character-entities-html4@^1.0.0:
  version "1.1.0"
  resolved "https://registry.yarnpkg.com/character-entities-html4/-/character-entities-html4-1.1.0.tgz#1ab08551d3ce1fa1df08d00fb9ca1defb147a06c"

character-entities-legacy@^1.0.0:
  version "1.1.0"
  resolved "https://registry.yarnpkg.com/character-entities-legacy/-/character-entities-legacy-1.1.0.tgz#b18aad98f6b7bcc646c1e4c81f9f1956376a561a"

clone@^1.0.2:
  version "1.0.2"
  resolved "https://registry.yarnpkg.com/clone/-/clone-1.0.2.tgz#260b7a99ebb1edfe247538175f783243cb19d149"

collapse-white-space@^1.0.0:
  version "1.0.2"
  resolved "https://registry.yarnpkg.com/collapse-white-space/-/collapse-white-space-1.0.2.tgz#9c463fb9c6d190d2dcae21a356a01bcae9eeef6d"

comma-separated-tokens@^1.0.1:
  version "1.0.3"
  resolved "https://registry.yarnpkg.com/comma-separated-tokens/-/comma-separated-tokens-1.0.3.tgz#6eb01f4730bde7a7fce5d5e2d943bdd637272801"
  dependencies:
    trim "0.0.1"

defaults@^1.0.3:
  version "1.0.3"
  resolved "https://registry.yarnpkg.com/defaults/-/defaults-1.0.3.tgz#c656051e9817d9ff08ed881477f3fe4019f3ef7d"
  dependencies:
    clone "^1.0.2"

detab@^2.0.0:
  version "2.0.0"
  resolved "https://registry.yarnpkg.com/detab/-/detab-2.0.0.tgz#485bd7954d2348092e998f7ff1a79fd9869d9b50"
  dependencies:
    repeat-string "^1.5.4"

function-bind@^1.0.2:
  version "1.1.0"
  resolved "https://registry.yarnpkg.com/function-bind/-/function-bind-1.1.0.tgz#16176714c801798e4e8f2cf7f7529467bb4a5771"

has@^1.0.1:
  version "1.0.1"
  resolved "https://registry.yarnpkg.com/has/-/has-1.0.1.tgz#8461733f538b0837c9361e39a9ab9e9704dc2f28"
  dependencies:
    function-bind "^1.0.2"

hast-util-is-element@^1.0.0:
  version "1.0.0"
  resolved "https://registry.yarnpkg.com/hast-util-is-element/-/hast-util-is-element-1.0.0.tgz#3f7216978b2ae14d98749878782675f33be3ce00"

hast-util-sanitize@^1.0.0:
  version "1.1.0"
  resolved "https://registry.yarnpkg.com/hast-util-sanitize/-/hast-util-sanitize-1.1.0.tgz#9b4bc3731043fe92e1253a9a4ca7bcc4148d06f2"
  dependencies:
    has "^1.0.1"
    xtend "^4.0.1"

hast-util-to-html@^3.0.0:
  version "3.0.0"
  resolved "https://registry.yarnpkg.com/hast-util-to-html/-/hast-util-to-html-3.0.0.tgz#19a257cd7af464777c1cccf4d2d53d33147466c1"
  dependencies:
    ccount "^1.0.0"
    comma-separated-tokens "^1.0.1"
    has "^1.0.1"
    hast-util-is-element "^1.0.0"
    hast-util-whitespace "^1.0.0"
    html-void-elements "^1.0.0"
    kebab-case "^1.0.0"
    property-information "^3.1.0"
    space-separated-tokens "^1.0.0"
    stringify-entities "^1.0.1"
    unist-util-is "^2.0.0"
    xtend "^4.0.1"

hast-util-whitespace@^1.0.0:
  version "1.0.0"
  resolved "https://registry.yarnpkg.com/hast-util-whitespace/-/hast-util-whitespace-1.0.0.tgz#bd096919625d2936e1ff17bc4df7fd727f17ece9"

html-void-elements@^1.0.0:
  version "1.0.1"
  resolved "https://registry.yarnpkg.com/html-void-elements/-/html-void-elements-1.0.1.tgz#f929bea267a19e3535950502ca12c159f1b559af"

is-alphabetical@^1.0.0:
  version "1.0.0"
  resolved "https://registry.yarnpkg.com/is-alphabetical/-/is-alphabetical-1.0.0.tgz#e2544c13058255f2144cb757066cd3342a1c8c46"

is-alphanumerical@^1.0.0:
  version "1.0.0"
  resolved "https://registry.yarnpkg.com/is-alphanumerical/-/is-alphanumerical-1.0.0.tgz#e06492e719c1bf15dec239e4f1af5f67b4d6e7bf"
  dependencies:
    is-alphabetical "^1.0.0"
    is-decimal "^1.0.0"

is-decimal@^1.0.0:
  version "1.0.0"
  resolved "https://registry.yarnpkg.com/is-decimal/-/is-decimal-1.0.0.tgz#940579b6ea63c628080a69e62bda88c8470b4fe0"

is-hexadecimal@^1.0.0:
  version "1.0.0"
  resolved "https://registry.yarnpkg.com/is-hexadecimal/-/is-hexadecimal-1.0.0.tgz#5c459771d2af9a2e3952781fd54fcb1bcfe4113c"

kebab-case@^1.0.0:
  version "1.0.0"
  resolved "https://registry.yarnpkg.com/kebab-case/-/kebab-case-1.0.0.tgz#3f9e4990adcad0c686c0e701f7645868f75f91eb"

mdast-comment-marker@^1.0.2:
  version "1.0.2"
  resolved "https://registry.yarnpkg.com/mdast-comment-marker/-/mdast-comment-marker-1.0.2.tgz#1ddf0ef811fb52439017c8d2c0b922035f2ba74a"

mdast-directive-comment@^0.1.1:
  version "0.1.1"
  resolved "https://registry.yarnpkg.com/mdast-directive-comment/-/mdast-directive-comment-0.1.1.tgz#4ded23491112f2284065c35dbfc8c7291e2ba9e4"
  dependencies:
    mdast-comment-marker "^1.0.2"
    unist-util-visit "^1.1.1"

mdast-util-definitions@^1.2.0:
  version "1.2.0"
  resolved "https://registry.yarnpkg.com/mdast-util-definitions/-/mdast-util-definitions-1.2.0.tgz#00f67b4289ed36bafc0977b558414ac0c5023b24"
  dependencies:
    has "^1.0.1"
    unist-util-visit "^1.0.0"

mdast-util-to-hast@^2.1.1, mdast-util-to-hast@^2.4.0:
  version "2.4.0"
  resolved "https://registry.yarnpkg.com/mdast-util-to-hast/-/mdast-util-to-hast-2.4.0.tgz#63ce8e43c61d8e5728954a3515e0c936a3b26cea"
  dependencies:
    collapse-white-space "^1.0.0"
    detab "^2.0.0"
    has "^1.0.1"
    mdast-util-definitions "^1.2.0"
    normalize-uri "^1.0.0"
    trim "0.0.1"
    trim-lines "^1.0.0"
    unist-builder "^1.0.1"
    unist-util-generated "^1.1.0"
    unist-util-position "^3.0.0"
    unist-util-visit "^1.1.0"
    xtend "^4.0.1"

normalize-uri@^1.0.0:
  version "1.1.0"
  resolved "https://registry.yarnpkg.com/normalize-uri/-/normalize-uri-1.1.0.tgz#01fb440c7fd059b9d9be8645aac14341efd059dd"

object-assign@^4.1.0:
  version "4.1.1"
  resolved "https://registry.yarnpkg.com/object-assign/-/object-assign-4.1.1.tgz#2109adc7965887cfc05cbbd442cac8bfbb360863"

property-information@^3.1.0:
  version "3.1.0"
  resolved "https://registry.yarnpkg.com/property-information/-/property-information-3.1.0.tgz#1581bf8a445dfbfef759775a86700e8dda18b4a1"

remark-html@^6.0.0:
  version "6.0.0"
  resolved "https://registry.yarnpkg.com/remark-html/-/remark-html-6.0.0.tgz#ade7d94b60e452158f28615218450682601dbfc1"
  dependencies:
    hast-util-sanitize "^1.0.0"
    hast-util-to-html "^3.0.0"
    mdast-util-to-hast "^2.1.1"
    xtend "^4.0.1"

repeat-string@^1.5.4:
  version "1.6.1"
  resolved "https://registry.yarnpkg.com/repeat-string/-/repeat-string-1.6.1.tgz#8dcae470e1c88abc2d600fff4a776286da75e637"

space-separated-tokens@^1.0.0:
  version "1.1.0"
  resolved "https://registry.yarnpkg.com/space-separated-tokens/-/space-separated-tokens-1.1.0.tgz#9e8c60407aa527742cd9eaee2541dec639f1269b"
  dependencies:
    trim "0.0.1"

stringify-entities@^1.0.1:
  version "1.3.0"
  resolved "https://registry.yarnpkg.com/stringify-entities/-/stringify-entities-1.3.0.tgz#2244a516c4f1e8e01b73dad01023016776abd917"
  dependencies:
    character-entities-html4 "^1.0.0"
    character-entities-legacy "^1.0.0"
    has "^1.0.1"
    is-alphanumerical "^1.0.0"
    is-hexadecimal "^1.0.0"

trim-lines@^1.0.0:
  version "1.1.0"
  resolved "https://registry.yarnpkg.com/trim-lines/-/trim-lines-1.1.0.tgz#9926d03ede13ba18f7d42222631fb04c79ff26fe"

trim@0.0.1:
  version "0.0.1"
  resolved "https://registry.yarnpkg.com/trim/-/trim-0.0.1.tgz#5858547f6b290757ee95cccc666fb50084c460dd"

unist-builder@^1.0.1, unist-builder@^1.0.2:
  version "1.0.2"
  resolved "https://registry.yarnpkg.com/unist-builder/-/unist-builder-1.0.2.tgz#8c3b9903ef64bcfb117dd7cf6a5d98fc1b3b27b6"
  dependencies:
    object-assign "^4.1.0"

unist-util-generated@^1.1.0:
  version "1.1.0"
  resolved "https://registry.yarnpkg.com/unist-util-generated/-/unist-util-generated-1.1.0.tgz#8c95657ff12b32eaffe0731fbb37da6995fae01b"

unist-util-is@^2.0.0:
  version "2.1.0"
  resolved "https://registry.yarnpkg.com/unist-util-is/-/unist-util-is-2.1.0.tgz#d746a2702a8921b4cc356fbbd558ea05fc5052ec"

unist-util-position@^3.0.0:
  version "3.0.0"
  resolved "https://registry.yarnpkg.com/unist-util-position/-/unist-util-position-3.0.0.tgz#e6e1e03eeeb81c5e1afe553e8d4adfbd7c0d8f82"

unist-util-visit@^1.0.0, unist-util-visit@^1.1.0, unist-util-visit@^1.1.1:
  version "1.1.1"
  resolved "https://registry.yarnpkg.com/unist-util-visit/-/unist-util-visit-1.1.1.tgz#e917a3b137658b335cb4420c7da2e74d928e4e94"

xtend@^4.0.1:
  version "4.0.1"
  resolved "https://registry.yarnpkg.com/xtend/-/xtend-4.0.1.tgz#a5c6d532be656e23db820efb943a1f04998d63af"
