# THIS IS AN AUTOGENERATED FILE. DO NOT EDIT THIS FILE DIRECTLY.
# yarn lockfile v1


argparse@^1.0.7:
  version "1.0.9"
  resolved "https://registry.yarnpkg.com/argparse/-/argparse-1.0.9.tgz#73d83bc263f86e97f8cc4f6bae1b0e90a7d22c86"
  dependencies:
    sprintf-js "~1.0.2"

classnames@^2.2.5:
  version "2.2.5"
  resolved "https://registry.yarnpkg.com/classnames/-/classnames-2.2.5.tgz#fb3801d453467649ef3603c7d61a02bd129bde6d"

clone@^1.0.2:
  version "1.0.2"
  resolved "https://registry.yarnpkg.com/clone/-/clone-1.0.2.tgz#260b7a99ebb1edfe247538175f783243cb19d149"

collapse-white-space@^1.0.0:
  version "1.0.2"
  resolved "https://registry.yarnpkg.com/collapse-white-space/-/collapse-white-space-1.0.2.tgz#9c463fb9c6d190d2dcae21a356a01bcae9eeef6d"

defaults@^1.0.3:
  version "1.0.3"
  resolved "https://registry.yarnpkg.com/defaults/-/defaults-1.0.3.tgz#c656051e9817d9ff08ed881477f3fe4019f3ef7d"
  dependencies:
    clone "^1.0.2"

detab@^2.0.0:
  version "2.0.0"
  resolved "https://registry.yarnpkg.com/detab/-/detab-2.0.0.tgz#485bd7954d2348092e998f7ff1a79fd9869d9b50"
  dependencies:
    repeat-string "^1.5.4"

esprima@^3.1.1:
  version "3.1.3"
  resolved "https://registry.yarnpkg.com/esprima/-/esprima-3.1.3.tgz#fdca51cee6133895e3c88d535ce49dbff62a4633"

js-yaml@^3.5.2:
  version "3.8.4"
  resolved "https://registry.yarnpkg.com/js-yaml/-/js-yaml-3.8.4.tgz#520b4564f86573ba96662af85a8cafa7b4b5a6f6"
  dependencies:
    argparse "^1.0.7"
    esprima "^3.1.1"

mdast-comment-marker@^1.0.2:
  version "1.0.2"
  resolved "https://registry.yarnpkg.com/mdast-comment-marker/-/mdast-comment-marker-1.0.2.tgz#1ddf0ef811fb52439017c8d2c0b922035f2ba74a"

mdast-directive-comment@^0.1.1:
  version "0.1.1"
  resolved "https://registry.yarnpkg.com/mdast-directive-comment/-/mdast-directive-comment-0.1.1.tgz#4ded23491112f2284065c35dbfc8c7291e2ba9e4"
  dependencies:
    mdast-comment-marker "^1.0.2"
    unist-util-visit "^1.1.1"

mdast-util-definitions@^1.2.0:
  version "1.2.2"
  resolved "https://registry.yarnpkg.com/mdast-util-definitions/-/mdast-util-definitions-1.2.2.tgz#673f4377c3e23d3de7af7a4fe2214c0e221c5ac7"
  dependencies:
    unist-util-visit "^1.0.0"

mdast-util-to-hast@^2.4.0:
  version "2.4.1"
  resolved "https://registry.yarnpkg.com/mdast-util-to-hast/-/mdast-util-to-hast-2.4.1.tgz#ae6bec08c8704d5f6ddfc7b84afce983c27441a8"
  dependencies:
    collapse-white-space "^1.0.0"
    detab "^2.0.0"
    mdast-util-definitions "^1.2.0"
    normalize-uri "^1.0.0"
    trim "0.0.1"
    trim-lines "^1.0.0"
    unist-builder "^1.0.1"
    unist-util-generated "^1.1.0"
    unist-util-position "^3.0.0"
    unist-util-visit "^1.1.0"
    xtend "^4.0.1"

normalize-uri@^1.0.0:
  version "1.1.0"
  resolved "https://registry.yarnpkg.com/normalize-uri/-/normalize-uri-1.1.0.tgz#01fb440c7fd059b9d9be8645aac14341efd059dd"

object-assign@^4.1.0:
  version "4.1.1"
  resolved "https://registry.yarnpkg.com/object-assign/-/object-assign-4.1.1.tgz#2109adc7965887cfc05cbbd442cac8bfbb360863"

remark-insert-page-number@^0.2.1:
  version "0.2.1"
  resolved "https://registry.yarnpkg.com/remark-insert-page-number/-/remark-insert-page-number-0.2.1.tgz#3cd030445739576e7cb031385c8f219b766ceb93"
  dependencies:
    classnames "^2.2.5"
    defaults "^1.0.3"
    mdast-util-to-hast "^2.4.0"
    unist-builder "^1.0.2"
    unist-util-visit "^1.1.1"

remark-newpage-directive@^0.2.0:
  version "0.2.0"
  resolved "https://registry.yarnpkg.com/remark-newpage-directive/-/remark-newpage-directive-0.2.0.tgz#cad2758f67f5e8799bc731d53ecd392218926e61"
  dependencies:
    classnames "^2.2.5"
    defaults "^1.0.3"
    mdast-directive-comment "^0.1.1"
    mdast-util-to-hast "^2.4.0"
    unist-builder "^1.0.2"

"remark-yaml-meta@https://github.com/izumin5210/remark-yaml-meta.git#3387774":
  version "0.1.0"
  resolved "https://github.com/izumin5210/remark-yaml-meta.git#3387774"
  dependencies:
    js-yaml "^3.5.2"

repeat-string@^1.5.4:
  version "1.6.1"
  resolved "https://registry.yarnpkg.com/repeat-string/-/repeat-string-1.6.1.tgz#8dcae470e1c88abc2d600fff4a776286da75e637"

sprintf-js@~1.0.2:
  version "1.0.3"
  resolved "https://registry.yarnpkg.com/sprintf-js/-/sprintf-js-1.0.3.tgz#04e6926f662895354f3dd015203633b857297e2c"

trim-lines@^1.0.0:
  version "1.1.0"
  resolved "https://registry.yarnpkg.com/trim-lines/-/trim-lines-1.1.0.tgz#9926d03ede13ba18f7d42222631fb04c79ff26fe"

trim@0.0.1:
  version "0.0.1"
  resolved "https://registry.yarnpkg.com/trim/-/trim-0.0.1.tgz#5858547f6b290757ee95cccc666fb50084c460dd"

unist-builder@^1.0.1, unist-builder@^1.0.2:
  version "1.0.2"
  resolved "https://registry.yarnpkg.com/unist-builder/-/unist-builder-1.0.2.tgz#8c3b9903ef64bcfb117dd7cf6a5d98fc1b3b27b6"
  dependencies:
    object-assign "^4.1.0"

unist-util-generated@^1.1.0:
  version "1.1.1"
  resolved "https://registry.yarnpkg.com/unist-util-generated/-/unist-util-generated-1.1.1.tgz#99f16c78959ac854dee7c615c291924c8bf4de7f"

unist-util-position@^3.0.0:
  version "3.0.0"
  resolved "https://registry.yarnpkg.com/unist-util-position/-/unist-util-position-3.0.0.tgz#e6e1e03eeeb81c5e1afe553e8d4adfbd7c0d8f82"

unist-util-visit@^1.0.0, unist-util-visit@^1.1.0, unist-util-visit@^1.1.1:
  version "1.1.3"
  resolved "https://registry.yarnpkg.com/unist-util-visit/-/unist-util-visit-1.1.3.tgz#ec268e731b9d277a79a5b5aa0643990e405d600b"

xtend@^4.0.1:
  version "4.0.1"
  resolved "https://registry.yarnpkg.com/xtend/-/xtend-4.0.1.tgz#a5c6d532be656e23db820efb943a1f04998d63af"
